{
  "name": "hono-se-266",
  "version": "1.0.0",
  "lockfileVersion": 3,
  "requires": true,
  "packages": {
    "": {
      "name": "hono-se-266",
      "version": "1.0.0",
      "license": "ISC",
      "dependencies": {
        "@hono/node-server": "^1.18.0",
        "hono": "^4.8.10"
      }
    },
    "node_modules/@hono/node-server": {
      "version": "1.18.0",
      "resolved": "https://registry.npmjs.org/@hono/node-server/-/node-server-1.18.0.tgz",
      "integrity": "sha512-CJ0H3/ouk/JWnyiuYOJLdpuWhO2D2BTNigHaFixnW3CrwZb+E+4s/KoFkcikHXcVmXoxaLJx1nlGa3JChEFtFA==",
      "license": "MIT",
      "engines": {
        "node": ">=18.14.1"
      },
      "peerDependencies": {
        "hono": "^4"
      }
    },
    "node_modules/hono": {
      "version": "4.8.10",
      "resolved": "https://registry.npmjs.org/hono/-/hono-4.8.10.tgz",
      "integrity": "sha512-DRMYbR3aFk6YET1FCSAFbgF2cWYTz5j0YAFYPECx9fmrbKBDAYnWU+YCgRTpOaatxMYN6e68U/2IG39zRP4W/A==",
      "license": "MIT",
      "engines": {
        "node": ">=16.9.0"
      }
    }
  }
}
